PODS:
  - MobilePlayer (1.2.0)
  - SDWebImage (4.1.0):
    - SDWebImage/Core (= 4.1.0)
  - SDWebImage/Core (4.1.0)

DEPENDENCIES:
  - MobilePlayer
  - SDWebImage (~> 4.0)

SPEC CHECKSUMS:
  MobilePlayer: 069b13482499f14c25b6ce53f63a91e17975b073
  SDWebImage: 0e435c14e402a6730315a0fb79f95e68654d55a4

PODFILE CHECKSUM: c1792f1b9142052ef5eda0f35ccf490d490417a1

COCOAPODS: 1.0.1
